amqp==2.1.4
appdirs==1.4.3
asn1crypto==0.22.0
beautifulsoup4==4.5.3
billiard==3.5.0.2
blinker==1.4
celery==4.0.2
cffi==1.10.0
click==6.7
contextlib2==0.5.4
cryptography==1.8.1
dateparser==0.6.0
decorator==4.0.11
discogs-client==2.2.1
Fabric==1.13.1
Flask==0.12
Flask-SQLAlchemy==2.2
Flask-Testing==0.6.2
Flask-UUID==0.2
idna==2.5
ipython==5.3.0
ipython-genutils==0.1.0
itsdangerous==0.24
Jinja2==2.9.5
kombu==4.0.2
MarkupSafe==1.0
mbdata==2017.1.18
mock==2.0.0
musicbrainzngs==0.6
oauthlib==2.0.2
packaging==16.8
paramiko==2.1.2
pbr==2.0.0
pexpect==4.2.1
pickleshare==0.7.4
prompt-toolkit==1.0.13
psycopg2==2.7.1
ptyprocess==0.5.1
py==1.4.32
pyasn1==0.2.3
pycparser==2.17
Pygments==2.2.0
pyparsing==2.2.0
pytest==3.0.6
python-dateutil==2.6.0
pytz==2016.10
raven==6.0.0
redis==2.10.5
regex==2017.2.8
requests==2.13.0
ruamel.yaml==0.14.2
simplegeneric==0.8.1
six==1.10.0
spotipy==2.4.4
SQLAlchemy==1.1.6
traitlets==4.3.2
tzlocal==1.3
uWSGI==2.0.14
vine==1.1.3
wcwidth==0.1.7
Werkzeug==0.12.1
